
Microsoft Visual Studio Solution File, Format Version 12.00
Project("{FAE04EC0-301F-11D3-BF4B-00C04F79EFBC}") = "d02_ex00", "d02_ex00\d02_ex00.csproj", "{38F4268C-8F1E-4E0A-9082-B47C1080939A}"
EndProject
Project("{FAE04EC0-301F-11D3-BF4B-00C04F79EFBC}") = "d02_ex01", "d02_ex01\d02_ex01.csproj", "{703CEC25-9DA2-4D88-BFB8-B1A742651CAD}"
EndProject
Global
	GlobalSection(SolutionConfigurationPlatforms) = preSolution
		Debug|Any CPU = Debug|Any CPU
		Release|Any CPU = Release|Any CPU
	EndGlobalSection
	GlobalSection(ProjectConfigurationPlatforms) = postSolution
		{38F4268C-8F1E-4E0A-9082-B47C1080939A}.Debug|Any CPU.ActiveCfg = Debug|Any CPU
		{38F4268C-8F1E-4E0A-9082-B47C1080939A}.Debug|Any CPU.Build.0 = Debug|Any CPU
		{38F4268C-8F1E-4E0A-9082-B47C1080939A}.Release|Any CPU.ActiveCfg = Release|Any CPU
		{38F4268C-8F1E-4E0A-9082-B47C1080939A}.Release|Any CPU.Build.0 = Release|Any CPU
		{703CEC25-9DA2-4D88-BFB8-B1A742651CAD}.Debug|Any CPU.ActiveCfg = Debug|Any CPU
		{703CEC25-9DA2-4D88-BFB8-B1A742651CAD}.Debug|Any CPU.Build.0 = Debug|Any CPU
		{703CEC25-9DA2-4D88-BFB8-B1A742651CAD}.Release|Any CPU.ActiveCfg = Release|Any CPU
		{703CEC25-9DA2-4D88-BFB8-B1A742651CAD}.Release|Any CPU.Build.0 = Release|Any CPU
	EndGlobalSection
EndGlobal
